# This file is automatically @generated by Poetry 2.0.0 and should not be changed by hand.

[[package]]
name = "logging"
version = "0.4.9.6"
description = "A logging module for Python"
optional = false
python-versions = "*"
groups = ["main"]
files = [
    {file = "logging-0.4.9.6.tar.gz", hash = "sha256:26f6b50773f085042d301085bd1bf5d9f3735704db9f37c1ce6d8b85c38f2417"},
]

[metadata]
lock-version = "2.1"
python-versions = ">=3.12"
content-hash = "5372a952f415f462415b6f924fcc32088b590d800878446d40822683395d736b"
